{
    "_readme": [
        "This file locks the dependencies of your project to a known state",
        "Read more about it at https://getcomposer.org/doc/01-basic-usage.md#installing-dependencies",
        "This file is @generated automatically"
    ],
    "content-hash": "7cd67beb4f0033ea1a63e482a191bec4",
    "packages": [
        {
            "name": "fukuball/jieba-php",
            "version": "dev-master",
            "source": {
                "type": "git",
                "url": "https://github.com/fukuball/jieba-php.git",
                "reference": "a485a16e5424b69526f18d4a7d90009692f2284c"
            },
            "dist": {
                "type": "zip",
                "url": "https://api.github.com/repos/fukuball/jieba-php/zipball/a485a16e5424b69526f18d4a7d90009692f2284c",
                "reference": "a485a16e5424b69526f18d4a7d90009692f2284c",
                "shasum": ""
            },
            "require": {
                "php": ">= 5.3"
            },
            "require-dev": {
                "php-coveralls/php-coveralls": "dev-master",
                "phpunit/phpunit": "~9.0",
                "squizlabs/php_codesniffer": "4.0.x-dev"
            },
            "default-branch": true,
            "type": "library",
            "autoload": {
                "files": [
                    "src/vendor/multi-array/MultiArray.php",
                    "src/vendor/multi-array/Factory/MultiArrayFactory.php"
                ],
                "psr-4": {
                    "Fukuball\\Jieba\\": "src/class/"
                }
            },
            "notification-url": "https://packagist.org/downloads/",
            "license": [
                "MIT"
            ],
            "authors": [
                {
                    "name": "fukuball",
                    "email": "fukuball@gmail.com"
                }
            ],
            "description": "結巴中文分詞（PHP 版本）：做最好的 PHP 中文分詞、中文斷詞組件",
            "keywords": [
                "Jieba",
                "php"
            ],
            "support": {
                "issues": "https://github.com/fukuball/jieba-php/issues",
                "source": "https://github.com/fukuball/jieba-php/tree/master"
            },
            "time": "2022-08-15T06:50:32+00:00"
        },
        {
            "name": "hightman/xunsearch",
            "version": "1.4.17",
            "source": {
                "type": "git",
                "url": "https://github.com/hightman/xs-sdk-php.git",
                "reference": "3803e5a7a3dba462b656d995770f0b8254c30f06"
            },
            "dist": {
                "type": "zip",
                "url": "https://api.github.com/repos/hightman/xs-sdk-php/zipball/3803e5a7a3dba462b656d995770f0b8254c30f06",
                "reference": "3803e5a7a3dba462b656d995770f0b8254c30f06",
                "shasum": ""
            },
            "require": {
                "ext-mbstring": "*",
                "lib-pcre": "*",
                "php": ">=5.3.0"
            },
            "bin": [
                "util/xs"
            ],
            "type": "library",
            "extra": {
                "branch-alias": {
                    "dev-master": "1.4.x-dev"
                }
            },
            "autoload": {
                "psr-4": {
                    "hightman\\xunsearch\\": "wrapper/yii2-ext/"
                },
                "classmap": [
                    "lib/",
                    "wrapper/yii-ext/"
                ]
            },
            "notification-url": "https://packagist.org/downloads/",
            "license": [
                "GPL-2.0+"
            ],
            "authors": [
                {
                    "name": "hightman",
                    "email": "hightman@twomice.net",
                    "role": "Founder and project leader"
                }
            ],
            "description": "xunsearch php sdk, include yii, yii2 supports",
            "homepage": "http://www.xunsearch.com/",
            "keywords": [
                "search engine",
                "xunsearch",
                "yii",
                "yii2"
            ],
            "support": {
                "forum": "http://bbs.xunsearch.com/",
                "guide": "http://www.xunsearch.com/doc/php",
                "issues": "https://github.com/hightman/xunsearch/issues?q=is%3Aopen",
                "source": "https://github.com/hightman/xunsearch/"
            },
            "time": "2022-08-11T12:39:26+00:00"
        },
        {
            "name": "teamtnt/tntsearch",
            "version": "v3.1.0",
            "source": {
                "type": "git",
                "url": "https://github.com/teamtnt/tntsearch.git",
                "reference": "161d3368ac38c042b42f4002eda3b4698ccd3ca6"
            },
            "dist": {
                "type": "zip",
                "url": "https://api.github.com/repos/teamtnt/tntsearch/zipball/161d3368ac38c042b42f4002eda3b4698ccd3ca6",
                "reference": "161d3368ac38c042b42f4002eda3b4698ccd3ca6",
                "shasum": ""
            },
            "require": {
                "ext-mbstring": "*",
                "ext-pdo_sqlite": "*",
                "ext-sqlite3": "*",
                "php": "~7.1|^8"
            },
            "require-dev": {
                "phpunit/phpunit": "7.*|8.*|9.*",
                "symfony/var-dumper": "^4|^5.2"
            },
            "type": "library",
            "autoload": {
                "files": [
                    "helper/helpers.php"
                ],
                "psr-4": {
                    "TeamTNT\\TNTSearch\\": "src"
                }
            },
            "notification-url": "https://packagist.org/downloads/",
            "license": [
                "MIT"
            ],
            "authors": [
                {
                    "name": "Nenad Tičarić",
                    "email": "nticaric@gmail.com",
                    "homepage": "http://www.tntstudio.us",
                    "role": "Developer"
                }
            ],
            "description": "A fully featured full text search engine written in PHP",
            "homepage": "https://github.com/teamtnt/tntsearch",
            "keywords": [
                "Fuzzy search",
                "bm25",
                "fulltext",
                "geosearch",
                "search",
                "stemming",
                "teamtnt",
                "text classification",
                "tntsearch"
            ],
            "support": {
                "issues": "https://github.com/teamtnt/tntsearch/issues",
                "source": "https://github.com/teamtnt/tntsearch/tree/v3.1.0"
            },
            "funding": [
                {
                    "url": "https://ko-fi.com/nticaric",
                    "type": "ko_fi"
                },
                {
                    "url": "https://opencollective.com/tntsearch",
                    "type": "open_collective"
                },
                {
                    "url": "https://www.patreon.com/nticaric",
                    "type": "patreon"
                }
            ],
            "time": "2023-02-16T07:12:52+00:00"
        }
    ],
    "packages-dev": [],
    "aliases": [],
    "minimum-stability": "stable",
    "stability-flags": {
        "fukuball/jieba-php": 20
    },
    "prefer-stable": false,
    "prefer-lowest": false,
    "platform": [],
    "platform-dev": [],
    "plugin-api-version": "2.3.0"
}
